
Microsoft Visual Studio Solution File, Format Version 12.00
# RemObjects Fire
Project("{656346D9-4656-40DA-A068-22D5425D4639}") = "CanvasModule", "CanvasModule.elements", "{DD29A038-44C4-4BA6-96BB-714379B3D4B8}"
EndProject
Global
	GlobalSection(SolutionConfigurationPlatforms) = preSolution
		Debug|AnyCPU = Debug|AnyCPU
		Release|AnyCPU = Release|AnyCPU
	EndGlobalSection
	GlobalSection(ProjectConfigurationPlatforms) = postSolution
		{DD29A038-44C4-4BA6-96BB-714379B3D4B8}.Debug|AnyCPU.ActiveCfg = Debug|AnyCPU
		{DD29A038-44C4-4BA6-96BB-714379B3D4B8}.Debug|AnyCPU.Build.0 = Debug|AnyCPU
		{DD29A038-44C4-4BA6-96BB-714379B3D4B8}.Release|AnyCPU.ActiveCfg = Release|AnyCPU
		{DD29A038-44C4-4BA6-96BB-714379B3D4B8}.Release|AnyCPU.Build.0 = Release|AnyCPU
	EndGlobalSection
	GlobalSection(SolutionProperties) = preSolution
		HideSolutionNode = FALSE
	EndGlobalSection
EndGlobal